
Microsoft Visual Studio Solution File, Format Version 12.00
# Visual Studio Version 17
VisualStudioVersion = 17.1.32210.238
MinimumVisualStudioVersion = 10.0.40219.1
Project("{FAE04EC0-301F-11D3-BF4B-00C04F79EFBC}") = "CSHARP_KRABS_ETW", "CSHARP_KRABS_ETW\CSHARP_KRABS_ETW.csproj", "{5ECD620B-6DBF-47DC-960F-79AE09E9C216}"
EndProject
Global
	GlobalSection(SolutionConfigurationPlatforms) = preSolution
		Debug|Any CPU = Debug|Any CPU
		Debug|x64 = Debug|x64
		Release|Any CPU = Release|Any CPU
		Release|x64 = Release|x64
	EndGlobalSection
	GlobalSection(ProjectConfigurationPlatforms) = postSolution
		{5ECD620B-6DBF-47DC-960F-79AE09E9C216}.Debug|Any CPU.ActiveCfg = Debug|Any CPU
		{5ECD620B-6DBF-47DC-960F-79AE09E9C216}.Debug|Any CPU.Build.0 = Debug|Any CPU
		{5ECD620B-6DBF-47DC-960F-79AE09E9C216}.Debug|x64.ActiveCfg = Debug|x64
		{5ECD620B-6DBF-47DC-960F-79AE09E9C216}.Debug|x64.Build.0 = Debug|x64
		{5ECD620B-6DBF-47DC-960F-79AE09E9C216}.Release|Any CPU.ActiveCfg = Release|Any CPU
		{5ECD620B-6DBF-47DC-960F-79AE09E9C216}.Release|Any CPU.Build.0 = Release|Any CPU
		{5ECD620B-6DBF-47DC-960F-79AE09E9C216}.Release|x64.ActiveCfg = Release|x64
		{5ECD620B-6DBF-47DC-960F-79AE09E9C216}.Release|x64.Build.0 = Release|x64
	EndGlobalSection
	GlobalSection(SolutionProperties) = preSolution
		HideSolutionNode = FALSE
	EndGlobalSection
	GlobalSection(ExtensibilityGlobals) = postSolution
		SolutionGuid = {D9FA7AF6-1F4C-4668-A3A2-29574D1ECCE1}
	EndGlobalSection
EndGlobal
